
Microsoft Visual Studio Solution File, Format Version 12.00
# Visual Studio Version 16
VisualStudioVersion = 16.0.30413.136
MinimumVisualStudioVersion = 10.0.40219.1
Project("{FAE04EC0-301F-11D3-BF4B-00C04F79EFBC}") = "CSharp Arrays", "CSharp Arrays.csproj", "{D68A7F7E-E3F3-48C9-ADF2-15A7BA81DFA1}"
EndProject
Global
	GlobalSection(SolutionConfigurationPlatforms) = preSolution
		Debug|Any CPU = Debug|Any CPU
		Release|Any CPU = Release|Any CPU
	EndGlobalSection
	GlobalSection(ProjectConfigurationPlatforms) = postSolution
		{D68A7F7E-E3F3-48C9-ADF2-15A7BA81DFA1}.Debug|Any CPU.ActiveCfg = Debug|Any CPU
		{D68A7F7E-E3F3-48C9-ADF2-15A7BA81DFA1}.Debug|Any CPU.Build.0 = Debug|Any CPU
		{D68A7F7E-E3F3-48C9-ADF2-15A7BA81DFA1}.Release|Any CPU.ActiveCfg = Release|Any CPU
		{D68A7F7E-E3F3-48C9-ADF2-15A7BA81DFA1}.Release|Any CPU.Build.0 = Release|Any CPU
	EndGlobalSection
	GlobalSection(SolutionProperties) = preSolution
		HideSolutionNode = FALSE
	EndGlobalSection
	GlobalSection(ExtensibilityGlobals) = postSolution
		SolutionGuid = {A0F3F5E5-A967-47A8-9D43-62ECFD8F5449}
	EndGlobalSection
EndGlobal
